
Microsoft Visual Studio Solution File, Format Version 12.00
# Visual Studio Version 18
VisualStudioVersion = 18.0.11222.15
MinimumVisualStudioVersion = 10.0.40219.1
Project("{FAE04EC0-301F-11D3-BF4B-00C04F79EFBC}") = "GIPractice.Infrastructure", "GIPractice.Infrastructure\GIPractice.Infrastructure.csproj", "{A448F46E-76B4-4EC1-B1D2-70327146D5D7}"
EndProject
Project("{FAE04EC0-301F-11D3-BF4B-00C04F79EFBC}") = "GIPractice.Core", "GIPractice.Core\GIPractice.Core.csproj", "{D13900AE-1C2B-42C2-B019-1830838F0738}"
EndProject
Project("{FAE04EC0-301F-11D3-BF4B-00C04F79EFBC}") = "GIPractice.Api", "GIPractice.Api\GIPractice.Api.csproj", "{93EB661B-1500-40F7-BB90-160205EFF8B1}"
EndProject
Project("{FAE04EC0-301F-11D3-BF4B-00C04F79EFBC}") = "GIPractice.Client", "GIPractice.ApiClient\GIPractice.Client.csproj", "{F981E85D-08BC-4769-A8A8-CB67BB1C57E6}"
EndProject
Project("{FAE04EC0-301F-11D3-BF4B-00C04F79EFBC}") = "GIPractice.Wpf", "GIPractice.Wpf\GIPractice.Wpf.csproj", "{1965F8E5-17D6-4A4F-A9A2-55A74EC0CCC2}"
EndProject
Global
	GlobalSection(SolutionConfigurationPlatforms) = preSolution
		Debug|Any CPU = Debug|Any CPU
		Release|Any CPU = Release|Any CPU
	EndGlobalSection
	GlobalSection(ProjectConfigurationPlatforms) = postSolution
		{A448F46E-76B4-4EC1-B1D2-70327146D5D7}.Debug|Any CPU.ActiveCfg = Debug|Any CPU
		{A448F46E-76B4-4EC1-B1D2-70327146D5D7}.Debug|Any CPU.Build.0 = Debug|Any CPU
		{A448F46E-76B4-4EC1-B1D2-70327146D5D7}.Release|Any CPU.ActiveCfg = Release|Any CPU
		{A448F46E-76B4-4EC1-B1D2-70327146D5D7}.Release|Any CPU.Build.0 = Release|Any CPU
		{D13900AE-1C2B-42C2-B019-1830838F0738}.Debug|Any CPU.ActiveCfg = Debug|Any CPU
		{D13900AE-1C2B-42C2-B019-1830838F0738}.Debug|Any CPU.Build.0 = Debug|Any CPU
		{D13900AE-1C2B-42C2-B019-1830838F0738}.Release|Any CPU.ActiveCfg = Release|Any CPU
		{D13900AE-1C2B-42C2-B019-1830838F0738}.Release|Any CPU.Build.0 = Release|Any CPU
		{93EB661B-1500-40F7-BB90-160205EFF8B1}.Debug|Any CPU.ActiveCfg = Debug|Any CPU
		{93EB661B-1500-40F7-BB90-160205EFF8B1}.Debug|Any CPU.Build.0 = Debug|Any CPU
		{93EB661B-1500-40F7-BB90-160205EFF8B1}.Release|Any CPU.ActiveCfg = Release|Any CPU
		{93EB661B-1500-40F7-BB90-160205EFF8B1}.Release|Any CPU.Build.0 = Release|Any CPU
		{F981E85D-08BC-4769-A8A8-CB67BB1C57E6}.Debug|Any CPU.ActiveCfg = Debug|Any CPU
		{F981E85D-08BC-4769-A8A8-CB67BB1C57E6}.Debug|Any CPU.Build.0 = Debug|Any CPU
		{F981E85D-08BC-4769-A8A8-CB67BB1C57E6}.Release|Any CPU.ActiveCfg = Release|Any CPU
		{F981E85D-08BC-4769-A8A8-CB67BB1C57E6}.Release|Any CPU.Build.0 = Release|Any CPU
		{1965F8E5-17D6-4A4F-A9A2-55A74EC0CCC2}.Debug|Any CPU.ActiveCfg = Debug|Any CPU
		{1965F8E5-17D6-4A4F-A9A2-55A74EC0CCC2}.Debug|Any CPU.Build.0 = Debug|Any CPU
		{1965F8E5-17D6-4A4F-A9A2-55A74EC0CCC2}.Release|Any CPU.ActiveCfg = Release|Any CPU
		{1965F8E5-17D6-4A4F-A9A2-55A74EC0CCC2}.Release|Any CPU.Build.0 = Release|Any CPU
	EndGlobalSection
	GlobalSection(SolutionProperties) = preSolution
		HideSolutionNode = FALSE
	EndGlobalSection
	GlobalSection(ExtensibilityGlobals) = postSolution
		SolutionGuid = {44411DC2-0FF5-461D-AF70-3AA7BBDB65EF}
	EndGlobalSection
EndGlobal
